// !$*UTF8*$!
{
	archiveVersion = 1;
	classes = {
	};
	objectVersion = 50;
	objects = {

/* Begin PBXBuildFile section */
		3918CA4C22F3524B00C18932 /* AppDelegate.swift in Sources */ = {isa = PBXBuildFile; fileRef = 3918CA4B22F3524B00C18932 /* AppDelegate.swift */; };
		3918CA4E22F3524B00C18932 /* Scene.sks in Resources */ = {isa = PBXBuildFile; fileRef = 3918CA4D22F3524B00C18932 /* Scene.sks */; };
		3918CA5022F3524B00C18932 /* Scene.swift in Sources */ = {isa = PBXBuildFile; fileRef = 3918CA4F22F3524B00C18932 /* Scene.swift */; };
		3918CA5222F3524B00C18932 /* ViewController.swift in Sources */ = {isa = PBXBuildFile; fileRef = 3918CA5122F3524B00C18932 /* ViewController.swift */; };
		3918CA5522F3524B00C18932 /* Main.storyboard in Resources */ = {isa = PBXBuildFile; fileRef = 3918CA5322F3524B00C18932 /* Main.storyboard */; };
		3918CA5722F3524C00C18932 /* Assets.xcassets in Resources */ = {isa = PBXBuildFile; fileRef = 3918CA5622F3524C00C18932 /* Assets.xcassets */; };
		3918CA5A22F3524C00C18932 /* LaunchScreen.storyboard in Resources */ = {isa = PBXBuildFile; fileRef = 3918CA5822F3524C00C18932 /* LaunchScreen.storyboard */; };
/* End PBXBuildFile section */

/* Begin PBXFileReference section */
		3918CA4822F3524B00C18932 /* DefusAR.app */ = {isa = PBXFileReference; explicitFileType = wrapper.application; includeInIndex = 0; path = DefusAR.app; sourceTree = BUILT_PRODUCTS_DIR; };
		3918CA4B22F3524B00C18932 /* AppDelegate.swift */ = {isa = PBXFileReference; lastKnownFileType = sourcecode.swift; path = AppDelegate.swift; sourceTree = "<group>"; };
		3918CA4D22F3524B00C18932 /* Scene.sks */ = {isa = PBXFileReference; lastKnownFileType = file.sks; path = Scene.sks; sourceTree = "<group>"; };
		3918CA4F22F3524B00C18932 /* Scene.swift */ = {isa = PBXFileReference; lastKnownFileType = sourcecode.swift; path = Scene.swift; sourceTree = "<group>"; };
		3918CA5122F3524B00C18932 /* ViewController.swift */ = {isa = PBXFileReference; lastKnownFileType = sourcecode.swift; path = ViewController.swift; sourceTree = "<group>"; };
		3918CA5422F3524B00C18932 /* Base */ = {isa = PBXFileReference; lastKnownFileType = file.storyboard; name = Base; path = Base.lproj/Main.storyboard; sourceTree = "<group>"; };
		3918CA5622F3524C00C18932 /* Assets.xcassets */ = {isa = PBXFileReference; lastKnownFileType = folder.assetcatalog; path = Assets.xcassets; sourceTree = "<group>"; };
		3918CA5922F3524C00C18932 /* Base */ = {isa = PBXFileReference; lastKnownFileType = file.storyboard; name = Base; path = Base.lproj/LaunchScreen.storyboard; sourceTree = "<group>"; };
		3918CA5B22F3524C00C18932 /* Info.plist */ = {isa = PBXFileReference; lastKnownFileType = text.plist.xml; path = Info.plist; sourceTree = "<group>"; };
/* End PBXFileReference section */

/* Begin PBXFrameworksBuildPhase section */
		3918CA4522F3524B00C18932 /* Frameworks */ = {
			isa = PBXFrameworksBuildPhase;
			buildActionMask = 2147483647;
			files = (
			);
			runOnlyForDeploymentPostprocessing = 0;
		};
/* End PBXFrameworksBuildPhase section */

/* Begin PBXGroup section */
		3918CA3F22F3524B00C18932 = {
			isa = PBXGroup;
			children = (
				3918CA4A22F3524B00C18932 /* DefusAR */,
				3918CA4922F3524B00C18932 /* Products */,
			);
			sourceTree = "<group>";
		};
		3918CA4922F3524B00C18932 /* Products */ = {
			isa = PBXGroup;
			children = (
				3918CA4822F3524B00C18932 /* DefusAR.app */,
			);
			name = Products;
			sourceTree = "<group>";
		};
		3918CA4A22F3524B00C18932 /* DefusAR */ = {
			isa = PBXGroup;
			children = (
				3918CA4B22F3524B00C18932 /* AppDelegate.swift */,
				3918CA4D22F3524B00C18932 /* Scene.sks */,
				3918CA4F22F3524B00C18932 /* Scene.swift */,
				3918CA5122F3524B00C18932 /* ViewController.swift */,
				3918CA5322F3524B00C18932 /* Main.storyboard */,
				3918CA5622F3524C00C18932 /* Assets.xcassets */,
				3918CA5822F3524C00C18932 /* LaunchScreen.storyboard */,
				3918CA5B22F3524C00C18932 /* Info.plist */,
			);
			path = DefusAR;
			sourceTree = "<group>";
		};
/* End PBXGroup section */

/* Begin PBXNativeTarget section */
		3918CA4722F3524B00C18932 /* DefusAR */ = {
			isa = PBXNativeTarget;
			buildConfigurationList = 3918CA5E22F3524C00C18932 /* Build configuration list for PBXNativeTarget "DefusAR" */;
			buildPhases = (
				3918CA4422F3524B00C18932 /* Sources */,
				3918CA4522F3524B00C18932 /* Frameworks */,
				3918CA4622F3524B00C18932 /* Resources */,
			);
			buildRules = (
			);
			dependencies = (
			);
			name = DefusAR;
			productName = DefusAR;
			productReference = 3918CA4822F3524B00C18932 /* DefusAR.app */;
			productType = "com.apple.product-type.application";
		};
/* End PBXNativeTarget section */

/* Begin PBXProject section */
		3918CA4022F3524B00C18932 /* Project object */ = {
			isa = PBXProject;
			attributes = {
				LastSwiftUpdateCheck = 1030;
				LastUpgradeCheck = 1030;
				ORGANIZATIONNAME = "Kilian Kellermann";
				TargetAttributes = {
					3918CA4722F3524B00C18932 = {
						CreatedOnToolsVersion = 10.3;
					};
				};
			};
			buildConfigurationList = 3918CA4322F3524B00C18932 /* Build configuration list for PBXProject "DefusAR" */;
			compatibilityVersion = "Xcode 9.3";
			developmentRegion = en;
			hasScannedForEncodings = 0;
			knownRegions = (
				en,
				Base,
			);
			mainGroup = 3918CA3F22F3524B00C18932;
			productRefGroup = 3918CA4922F3524B00C18932 /* Products */;
			projectDirPath = "";
			projectRoot = "";
			targets = (
				3918CA4722F3524B00C18932 /* DefusAR */,
			);
		};
/* End PBXProject section */

/* Begin PBXResourcesBuildPhase section */
		3918CA4622F3524B00C18932 /* Resources */ = {
			isa = PBXResourcesBuildPhase;
			buildActionMask = 2147483647;
			files = (
				3918CA4E22F3524B00C18932 /* Scene.sks in Resources */,
				3918CA5A22F3524C00C18932 /* LaunchScreen.storyboard in Resources */,
				3918CA5722F3524C00C18932 /* Assets.xcassets in Resources */,
				3918CA5522F3524B00C18932 /* Main.storyboard in Resources */,
			);
			runOnlyForDeploymentPostprocessing = 0;
		};
/* End PBXResourcesBuildPhase section */

/* Begin PBXSourcesBuildPhase section */
		3918CA4422F3524B00C18932 /* Sources */ = {
			isa = PBXSourcesBuildPhase;
			buildActionMask = 2147483647;
			files = (
				3918CA5222F3524B00C18932 /* ViewController.swift in Sources */,
				3918CA5022F3524B00C18932 /* Scene.swift in Sources */,
				3918CA4C22F3524B00C18932 /* AppDelegate.swift in Sources */,
			);
			runOnlyForDeploymentPostprocessing = 0;
		};
/* End PBXSourcesBuildPhase section */

/* Begin PBXVariantGroup section */
		3918CA5322F3524B00C18932 /* Main.storyboard */ = {
			isa = PBXVariantGroup;
			children = (
				3918CA5422F3524B00C18932 /* Base */,
			);
			name = Main.storyboard;
			sourceTree = "<group>";
		};
		3918CA5822F3524C00C18932 /* LaunchScreen.storyboard */ = {
			isa = PBXVariantGroup;
			children = (
				3918CA5922F3524C00C18932 /* Base */,
			);
			name = LaunchScreen.storyboard;
			sourceTree = "<group>";
		};
/* End PBXVariantGroup section */

/* Begin XCBuildConfiguration section */
		3918CA5C22F3524C00C18932 /* Debug */ = {
			isa = XCBuildConfiguration;
			buildSettings = {
				ALWAYS_SEARCH_USER_PATHS = NO;
				CLANG_ANALYZER_NONNULL = YES;
				CLANG_ANALYZER_NUMBER_OBJECT_CONVERSION = YES_AGGRESSIVE;
				CLANG_CXX_LANGUAGE_STANDARD = "gnu++14";
				CLANG_CXX_LIBRARY = "libc++";
				CLANG_ENABLE_MODULES = YES;
				CLANG_ENABLE_OBJC_ARC = YES;
				CLANG_ENABLE_OBJC_WEAK = YES;
				CLANG_WARN_BLOCK_CAPTURE_AUTORELEASING = YES;
				CLANG_WARN_BOOL_CONVERSION = YES;
				CLANG_WARN_COMMA = YES;
				CLANG_WARN_CONSTANT_CONVERSION = YES;
				CLANG_WARN_DEPRECATED_OBJC_IMPLEMENTATIONS = YES;
				CLANG_WARN_DIRECT_OBJC_ISA_USAGE = YES_ERROR;
				CLANG_WARN_DOCUMENTATION_COMMENTS = YES;
				CLANG_WARN_EMPTY_BODY = YES;
				CLANG_WARN_ENUM_CONVERSION = YES;
				CLANG_WARN_INFINITE_RECURSION = YES;
				CLANG_WARN_INT_CONVERSION = YES;
				CLANG_WARN_NON_LITERAL_NULL_CONVERSION = YES;
				CLANG_WARN_OBJC_IMPLICIT_RETAIN_SELF = YES;
				CLANG_WARN_OBJC_LITERAL_CONVERSION = YES;
				CLANG_WARN_OBJC_ROOT_CLASS = YES_ERROR;
				CLANG_WARN_RANGE_LOOP_ANALYSIS = YES;
				CLANG_WARN_STRICT_PROTOTYPES = YES;
				CLANG_WARN_SUSPICIOUS_MOVE = YES;
				CLANG_WARN_UNGUARDED_AVAILABILITY = YES_AGGRESSIVE;
				CLANG_WARN_UNREACHABLE_CODE = YES;
				CLANG_WARN__DUPLICATE_METHOD_MATCH = YES;
				CODE_SIGN_IDENTITY = "iPhone Developer";
				COPY_PHASE_STRIP = NO;
				DEBUG_INFORMATION_FORMAT = dwarf;
				ENABLE_STRICT_OBJC_MSGSEND = YES;
				ENABLE_TESTABILITY = YES;
				GCC_C_LANGUAGE_STANDARD = gnu11;
				GCC_DYNAMIC_NO_PIC = NO;
				GCC_NO_COMMON_BLOCKS = YES;
				GCC_OPTIMIZATION_LEVEL = 0;
				GCC_PREPROCESSOR_DEFINITIONS = (
					"DEBUG=1",
					"$(inherited)",
				);
				GCC_WARN_64_TO_32_BIT_CONVERSION = YES;
				GCC_WARN_ABOUT_RETURN_TYPE = YES_ERROR;
				GCC_WARN_UNDECLARED_SELECTOR = YES;
				GCC_WARN_UNINITIALIZED_AUTOS = YES_AGGRESSIVE;
				GCC_WARN_UNUSED_FUNCTION = YES;
				GCC_WARN_UNUSED_VARIABLE = YES;
				IPHONEOS_DEPLOYMENT_TARGET = 12.4;
				MTL_ENABLE_DEBUG_INFO = INCLUDE_SOURCE;
				MTL_FAST_MATH = YES;
				ONLY_ACTIVE_ARCH = YES;
				SDKROOT = iphoneos;
				SWIFT_ACTIVE_COMPILATION_CONDITIONS = DEBUG;
				SWIFT_OPTIMIZATION_LEVEL = "-Onone";
			};
			name = Debug;
		};
		3918CA5D22F3524C00C18932 /* Release */ = {
			isa = XCBuildConfiguration;
			buildSettings = {
				ALWAYS_SEARCH_USER_PATHS = NO;
				CLANG_ANALYZER_NONNULL = YES;
				CLANG_ANALYZER_NUMBER_OBJECT_CONVERSION = YES_AGGRESSIVE;
				CLANG_CXX_LANGUAGE_STANDARD = "gnu++14";
				CLANG_CXX_LIBRARY = "libc++";
				CLANG_ENABLE_MODULES = YES;
				CLANG_ENABLE_OBJC_ARC = YES;
				CLANG_ENABLE_OBJC_WEAK = YES;
				CLANG_WARN_BLOCK_CAPTURE_AUTORELEASING = YES;
				CLANG_WARN_BOOL_CONVERSION = YES;
				CLANG_WARN_COMMA = YES;
				CLANG_WARN_CONSTANT_CONVERSION = YES;
				CLANG_WARN_DEPRECATED_OBJC_IMPLEMENTATIONS = YES;
				CLANG_WARN_DIRECT_OBJC_ISA_USAGE = YES_ERROR;
				CLANG_WARN_DOCUMENTATION_COMMENTS = YES;
				CLANG_WARN_EMPTY_BODY = YES;
				CLANG_WARN_ENUM_CONVERSION = YES;
				CLANG_WARN_INFINITE_RECURSION = YES;
				CLANG_WARN_INT_CONVERSION = YES;
				CLANG_WARN_NON_LITERAL_NULL_CONVERSION = YES;
				CLANG_WARN_OBJC_IMPLICIT_RETAIN_SELF = YES;
				CLANG_WARN_OBJC_LITERAL_CONVERSION = YES;
				CLANG_WARN_OBJC_ROOT_CLASS = YES_ERROR;
				CLANG_WARN_RANGE_LOOP_ANALYSIS = YES;
				CLANG_WARN_STRICT_PROTOTYPES = YES;
				CLANG_WARN_SUSPICIOUS_MOVE = YES;
				CLANG_WARN_UNGUARDED_AVAILABILITY = YES_AGGRESSIVE;
				CLANG_WARN_UNREACHABLE_CODE = YES;
				CLANG_WARN__DUPLICATE_METHOD_MATCH = YES;
				CODE_SIGN_IDENTITY = "iPhone Developer";
				COPY_PHASE_STRIP = NO;
				DEBUG_INFORMATION_FORMAT = "dwarf-with-dsym";
				ENABLE_NS_ASSERTIONS = NO;
				ENABLE_STRICT_OBJC_MSGSEND = YES;
				GCC_C_LANGUAGE_STANDARD = gnu11;
				GCC_NO_COMMON_BLOCKS = YES;
				GCC_WARN_64_TO_32_BIT_CONVERSION = YES;
				GCC_WARN_ABOUT_RETURN_TYPE = YES_ERROR;
				GCC_WARN_UNDECLARED_SELECTOR = YES;
				GCC_WARN_UNINITIALIZED_AUTOS = YES_AGGRESSIVE;
				GCC_WARN_UNUSED_FUNCTION = YES;
				GCC_WARN_UNUSED_VARIABLE = YES;
				IPHONEOS_DEPLOYMENT_TARGET = 12.4;
				MTL_ENABLE_DEBUG_INFO = NO;
				MTL_FAST_MATH = YES;
				SDKROOT = iphoneos;
				SWIFT_COMPILATION_MODE = wholemodule;
				SWIFT_OPTIMIZATION_LEVEL = "-O";
				VALIDATE_PRODUCT = YES;
			};
			name = Release;
		};
		3918CA5F22F3524C00C18932 /* Debug */ = {
			isa = XCBuildConfiguration;
			buildSettings = {
				ASSETCATALOG_COMPILER_APPICON_NAME = AppIcon;
				CODE_SIGN_STYLE = Automatic;
				DEVELOPMENT_TEAM = VF2M7C43LJ;
				INFOPLIST_FILE = DefusAR/Info.plist;
				LD_RUNPATH_SEARCH_PATHS = (
					"$(inherited)",
					"@executable_path/Frameworks",
				);
				PRODUCT_BUNDLE_IDENTIFIER = de.kiliankellermann.DefusAR;
				PRODUCT_NAME = "$(TARGET_NAME)";
				SWIFT_VERSION = 5.0;
				TARGETED_DEVICE_FAMILY = "1,2";
			};
			name = Debug;
		};
		3918CA6022F3524C00C18932 /* Release */ = {
			isa = XCBuildConfiguration;
			buildSettings = {
				ASSETCATALOG_COMPILER_APPICON_NAME = AppIcon;
				CODE_SIGN_STYLE = Automatic;
				DEVELOPMENT_TEAM = VF2M7C43LJ;
				INFOPLIST_FILE = DefusAR/Info.plist;
				LD_RUNPATH_SEARCH_PATHS = (
					"$(inherited)",
					"@executable_path/Frameworks",
				);
				PRODUCT_BUNDLE_IDENTIFIER = de.kiliankellermann.DefusAR;
				PRODUCT_NAME = "$(TARGET_NAME)";
				SWIFT_VERSION = 5.0;
				TARGETED_DEVICE_FAMILY = "1,2";
			};
			name = Release;
		};
/* End XCBuildConfiguration section */

/* Begin XCConfigurationList section */
		3918CA4322F3524B00C18932 /* Build configuration list for PBXProject "DefusAR" */ = {
			isa = XCConfigurationList;
			buildConfigurations = (
				3918CA5C22F3524C00C18932 /* Debug */,
				3918CA5D22F3524C00C18932 /* Release */,
			);
			defaultConfigurationIsVisible = 0;
			defaultConfigurationName = Release;
		};
		3918CA5E22F3524C00C18932 /* Build configuration list for PBXNativeTarget "DefusAR" */ = {
			isa = XCConfigurationList;
			buildConfigurations = (
				3918CA5F22F3524C00C18932 /* Debug */,
				3918CA6022F3524C00C18932 /* Release */,
			);
			defaultConfigurationIsVisible = 0;
			defaultConfigurationName = Release;
		};
/* End XCConfigurationList section */
	};
	rootObject = 3918CA4022F3524B00C18932 /* Project object */;
}
